
Microsoft Visual Studio Solution File, Format Version 12.00
# Visual Studio 2013
VisualStudioVersion = 12.0.31101.0
MinimumVisualStudioVersion = 10.0.40219.1
Project("{FAE04EC0-301F-11D3-BF4B-00C04F79EFBC}") = "MvcApplication29", "MvcApplication29\MvcApplication29.csproj", "{139B750C-ABFB-4D61-8C78-7FB00D3509BC}"
EndProject
Project("{FAE04EC0-301F-11D3-BF4B-00C04F79EFBC}") = "ConsoleApplication1", "ConsoleApplication1\ConsoleApplication1.csproj", "{0FE5C307-BFB3-4A84-A64A-1FF386471666}"
EndProject
Project("{FAE04EC0-301F-11D3-BF4B-00C04F79EFBC}") = "Stuff.DAta", "Stuff.DAta\Stuff.DAta.csproj", "{282E3125-3716-4FB0-8005-128AE10F6FE9}"
EndProject
Global
	GlobalSection(SolutionConfigurationPlatforms) = preSolution
		Debug|Any CPU = Debug|Any CPU
		Release|Any CPU = Release|Any CPU
	EndGlobalSection
	GlobalSection(ProjectConfigurationPlatforms) = postSolution
		{139B750C-ABFB-4D61-8C78-7FB00D3509BC}.Debug|Any CPU.ActiveCfg = Debug|Any CPU
		{139B750C-ABFB-4D61-8C78-7FB00D3509BC}.Debug|Any CPU.Build.0 = Debug|Any CPU
		{139B750C-ABFB-4D61-8C78-7FB00D3509BC}.Release|Any CPU.ActiveCfg = Release|Any CPU
		{139B750C-ABFB-4D61-8C78-7FB00D3509BC}.Release|Any CPU.Build.0 = Release|Any CPU
		{0FE5C307-BFB3-4A84-A64A-1FF386471666}.Debug|Any CPU.ActiveCfg = Debug|Any CPU
		{0FE5C307-BFB3-4A84-A64A-1FF386471666}.Debug|Any CPU.Build.0 = Debug|Any CPU
		{0FE5C307-BFB3-4A84-A64A-1FF386471666}.Release|Any CPU.ActiveCfg = Release|Any CPU
		{0FE5C307-BFB3-4A84-A64A-1FF386471666}.Release|Any CPU.Build.0 = Release|Any CPU
		{282E3125-3716-4FB0-8005-128AE10F6FE9}.Debug|Any CPU.ActiveCfg = Debug|Any CPU
		{282E3125-3716-4FB0-8005-128AE10F6FE9}.Debug|Any CPU.Build.0 = Debug|Any CPU
		{282E3125-3716-4FB0-8005-128AE10F6FE9}.Release|Any CPU.ActiveCfg = Release|Any CPU
		{282E3125-3716-4FB0-8005-128AE10F6FE9}.Release|Any CPU.Build.0 = Release|Any CPU
	EndGlobalSection
	GlobalSection(SolutionProperties) = preSolution
		HideSolutionNode = FALSE
	EndGlobalSection
EndGlobal
